# This file is automatically @generated by Cargo.
# It is not intended for manual editing.
version = 4

[[package]]
name = "nv_cmd"
version = "0.1.0"
dependencies = [
 "nv_error",
 "nv_hal",
 "nv_regs",
]

[[package]]
name = "nv_display"
version = "0.1.0"
dependencies = [
 "nv_error",
 "nv_hal",
 "nv_regs",
]

[[package]]
name = "nv_error"
version = "0.1.0"

[[package]]
name = "nv_firmware"
version = "0.1.0"
dependencies = [
 "nv_error",
 "nv_hal",
 "nv_regs",
]

[[package]]
name = "nv_gpu"
version = "0.1.0"
dependencies = [
 "nv_error",
 "nv_firmware",
 "nv_hal",
 "nv_regs",
]

[[package]]
name = "nv_hal"
version = "0.1.0"
dependencies = [
 "nv_error",
 "nv_regs",
]

[[package]]
name = "nv_kernel"
version = "0.1.0"
dependencies = [
 "nv_cmd",
 "nv_display",
 "nv_error",
 "nv_firmware",
 "nv_gpu",
 "nv_hal",
 "nv_regs",
]

[[package]]
name = "nv_regs"
version = "0.1.0"
