# This file is automatically @generated by Cargo.
# It is not intended for manual editing.
version = 4

[[package]]
name = "bmo-app-launcher"
version = "0.1.0"
dependencies = [
 "bmo-userland",
 "boot-context",
]

[[package]]
name = "bmo-app-terminal"
version = "0.1.0"
dependencies = [
 "bmo-userland",
 "boot-context",
]

[[package]]
name = "bmo-driver-keyboard"
version = "0.1.0"
dependencies = [
 "bmo-userland",
 "boot-context",
]

[[package]]
name = "bmo-driver-mouse"
version = "0.1.0"
dependencies = [
 "bmo-userland",
 "boot-context",
]

[[package]]
name = "bmo-service-gui"
version = "0.1.0"
dependencies = [
 "bmo-userland",
 "boot-context",
]

[[package]]
name = "bmo-service-input"
version = "0.1.0"
dependencies = [
 "bmo-userland",
 "boot-context",
]

[[package]]
name = "bmo-userland"
version = "2.0.0"
dependencies = [
 "boot-context",
]

[[package]]
name = "boot-context"
version = "2.0.0"
