# This file is automatically @generated by Cargo.
# It is not intended for manual editing.
version = 4

[[package]]
name = "bmo-dibujo"
version = "0.1.0"

[[package]]
name = "bmo-input"
version = "0.1.0"

[[package]]
name = "bmo-rtc"
version = "1.0.0"

[[package]]
name = "bmo-service-gui"
version = "0.1.0"
dependencies = [
 "bmo-input",
 "bmo-rtc",
 "bmo-userland",
]

[[package]]
name = "bmo-service-input"
version = "0.1.0"
dependencies = [
 "bmo-userland",
]

[[package]]
name = "bmo-userland"
version = "2.0.0"
dependencies = [
 "bmo-dibujo",
]
